
Microsoft Visual Studio Solution File, Format Version 12.00
# Visual Studio Version 16
VisualStudioVersion = 16.0.29709.97
MinimumVisualStudioVersion = 10.0.40219.1
Project("{FAE04EC0-301F-11D3-BF4B-00C04F79EFBC}") = "imrg_web", "imrg_web\imrg_web.csproj", "{6FA28C6F-F03D-4F97-B59E-89D9CBF08494}"
EndProject
Project("{00D1A9C2-B5F0-4AF3-8072-F6C62B433612}") = "imrg_db", "imrg_db\imrg_db.sqlproj", "{FEB9B30A-F97C-4C2A-A3BC-804F6C036B3B}"
EndProject
Global
	GlobalSection(SolutionConfigurationPlatforms) = preSolution
		Debug|Any CPU = Debug|Any CPU
		Release|Any CPU = Release|Any CPU
	EndGlobalSection
	GlobalSection(ProjectConfigurationPlatforms) = postSolution
		{6FA28C6F-F03D-4F97-B59E-89D9CBF08494}.Debug|Any CPU.ActiveCfg = Debug|Any CPU
		{6FA28C6F-F03D-4F97-B59E-89D9CBF08494}.Debug|Any CPU.Build.0 = Debug|Any CPU
		{6FA28C6F-F03D-4F97-B59E-89D9CBF08494}.Release|Any CPU.ActiveCfg = Release|Any CPU
		{6FA28C6F-F03D-4F97-B59E-89D9CBF08494}.Release|Any CPU.Build.0 = Release|Any CPU
		{FEB9B30A-F97C-4C2A-A3BC-804F6C036B3B}.Debug|Any CPU.ActiveCfg = Debug|Any CPU
		{FEB9B30A-F97C-4C2A-A3BC-804F6C036B3B}.Debug|Any CPU.Build.0 = Debug|Any CPU
		{FEB9B30A-F97C-4C2A-A3BC-804F6C036B3B}.Debug|Any CPU.Deploy.0 = Debug|Any CPU
		{FEB9B30A-F97C-4C2A-A3BC-804F6C036B3B}.Release|Any CPU.ActiveCfg = Release|Any CPU
		{FEB9B30A-F97C-4C2A-A3BC-804F6C036B3B}.Release|Any CPU.Build.0 = Release|Any CPU
		{FEB9B30A-F97C-4C2A-A3BC-804F6C036B3B}.Release|Any CPU.Deploy.0 = Release|Any CPU
	EndGlobalSection
	GlobalSection(SolutionProperties) = preSolution
		HideSolutionNode = FALSE
	EndGlobalSection
	GlobalSection(ExtensibilityGlobals) = postSolution
		SolutionGuid = {5F35CEE9-C60B-4F4F-B5C5-8C1306F8BDBE}
	EndGlobalSection
EndGlobal
